
Microsoft Visual Studio Solution File, Format Version 12.00
# Visual Studio Version 17
VisualStudioVersion = 17.8.34408.163
MinimumVisualStudioVersion = 10.0.40219.1
Project("{8BC9CEB8-8B4A-11D0-8D11-00A0C91BC942}") = "hw2_66wintest", "hw2_66wintest\hw2_66wintest.vcxproj", "{BAC3678F-D61F-47C7-987C-79364EEDE2B4}"
EndProject
Global
	GlobalSection(SolutionConfigurationPlatforms) = preSolution
		Debug|x64 = Debug|x64
		Debug|x86 = Debug|x86
		Release|x64 = Release|x64
		Release|x86 = Release|x86
	EndGlobalSection
	GlobalSection(ProjectConfigurationPlatforms) = postSolution
		{BAC3678F-D61F-47C7-987C-79364EEDE2B4}.Debug|x64.ActiveCfg = Debug|x64
		{BAC3678F-D61F-47C7-987C-79364EEDE2B4}.Debug|x64.Build.0 = Debug|x64
		{BAC3678F-D61F-47C7-987C-79364EEDE2B4}.Debug|x86.ActiveCfg = Debug|Win32
		{BAC3678F-D61F-47C7-987C-79364EEDE2B4}.Debug|x86.Build.0 = Debug|Win32
		{BAC3678F-D61F-47C7-987C-79364EEDE2B4}.Release|x64.ActiveCfg = Release|x64
		{BAC3678F-D61F-47C7-987C-79364EEDE2B4}.Release|x64.Build.0 = Release|x64
		{BAC3678F-D61F-47C7-987C-79364EEDE2B4}.Release|x86.ActiveCfg = Release|Win32
		{BAC3678F-D61F-47C7-987C-79364EEDE2B4}.Release|x86.Build.0 = Release|Win32
	EndGlobalSection
	GlobalSection(SolutionProperties) = preSolution
		HideSolutionNode = FALSE
	EndGlobalSection
	GlobalSection(ExtensibilityGlobals) = postSolution
		SolutionGuid = {0EC9FA25-4269-4BD6-82E1-56896C93029A}
	EndGlobalSection
EndGlobal
